// !$*UTF8*$!
{
	archiveVersion = 1;
	classes = {
	};
	objectVersion = 46;
	objects = {

/* Begin PBXBuildFile section */
		6633E60A1AA414C600EDDF6B /* Foundation.framework in Frameworks */ = {isa = PBXBuildFile; fileRef = 6633E6091AA414C600EDDF6B /* Foundation.framework */; };
		6633E60C1AA414C600EDDF6B /* CoreGraphics.framework in Frameworks */ = {isa = PBXBuildFile; fileRef = 6633E60B1AA414C600EDDF6B /* CoreGraphics.framework */; };
		6633E60E1AA414C600EDDF6B /* UIKit.framework in Frameworks */ = {isa = PBXBuildFile; fileRef = 6633E60D1AA414C600EDDF6B /* UIKit.framework */; };
		6633E6141AA414C600EDDF6B /* InfoPlist.strings in Resources */ = {isa = PBXBuildFile; fileRef = 6633E6121AA414C600EDDF6B /* InfoPlist.strings */; };
		6633E6161AA414C600EDDF6B /* main.m in Sources */ = {isa = PBXBuildFile; fileRef = 6633E6151AA414C600EDDF6B /* main.m */; };
		6633E61A1AA414C600EDDF6B /* AppDelegate.m in Sources */ = {isa = PBXBuildFile; fileRef = 6633E6191AA414C600EDDF6B /* AppDelegate.m */; };
		6633E61D1AA414C600EDDF6B /* Main.storyboard in Resources */ = {isa = PBXBuildFile; fileRef = 6633E61B1AA414C600EDDF6B /* Main.storyboard */; };
		6633E6201AA414C600EDDF6B /* ViewController.m in Sources */ = {isa = PBXBuildFile; fileRef = 6633E61F1AA414C600EDDF6B /* ViewController.m */; };
		6633E6221AA414C600EDDF6B /* Images.xcassets in Resources */ = {isa = PBXBuildFile; fileRef = 6633E6211AA414C600EDDF6B /* Images.xcassets */; };
		6633E6291AA414C700EDDF6B /* XCTest.framework in Frameworks */ = {isa = PBXBuildFile; fileRef = 6633E6281AA414C700EDDF6B /* XCTest.framework */; };
		6633E62A1AA414C700EDDF6B /* Foundation.framework in Frameworks */ = {isa = PBXBuildFile; fileRef = 6633E6091AA414C600EDDF6B /* Foundation.framework */; };
		6633E62B1AA414C700EDDF6B /* UIKit.framework in Frameworks */ = {isa = PBXBuildFile; fileRef = 6633E60D1AA414C600EDDF6B /* UIKit.framework */; };
		6633E6331AA414C700EDDF6B /* InfoPlist.strings in Resources */ = {isa = PBXBuildFile; fileRef = 6633E6311AA414C700EDDF6B /* InfoPlist.strings */; };
		6633E6351AA414C700EDDF6B /* ScrollviewDemoTests.m in Sources */ = {isa = PBXBuildFile; fileRef = 6633E6341AA414C700EDDF6B /* ScrollviewDemoTests.m */; };
		6633E6401AA415BE00EDDF6B /* pageMgrView.m in Sources */ = {isa = PBXBuildFile; fileRef = 6633E63F1AA415BE00EDDF6B /* pageMgrView.m */; };
		6633E6431AA447C100EDDF6B /* TestView.m in Sources */ = {isa = PBXBuildFile; fileRef = 6633E6421AA447C100EDDF6B /* TestView.m */; };
		6633E6461AA4529B00EDDF6B /* pageMgrExtView.m in Sources */ = {isa = PBXBuildFile; fileRef = 6633E6451AA4529B00EDDF6B /* pageMgrExtView.m */; };
/* End PBXBuildFile section */

/* Begin PBXContainerItemProxy section */
		6633E62C1AA414C700EDDF6B /* PBXContainerItemProxy */ = {
			isa = PBXContainerItemProxy;
			containerPortal = 6633E5FE1AA414C600EDDF6B /* Project object */;
			proxyType = 1;
			remoteGlobalIDString = 6633E6051AA414C600EDDF6B;
			remoteInfo = ScrollviewDemo;
		};
/* End PBXContainerItemProxy section */

/* Begin PBXFileReference section */
		6633E6061AA414C600EDDF6B /* ScrollviewDemo.app */ = {isa = PBXFileReference; explicitFileType = wrapper.application; includeInIndex = 0; path = ScrollviewDemo.app; sourceTree = BUILT_PRODUCTS_DIR; };
		6633E6091AA414C600EDDF6B /* Foundation.framework */ = {isa = PBXFileReference; lastKnownFileType = wrapper.framework; name = Foundation.framework; path = System/Library/Frameworks/Foundation.framework; sourceTree = SDKROOT; };
		6633E60B1AA414C600EDDF6B /* CoreGraphics.framework */ = {isa = PBXFileReference; lastKnownFileType = wrapper.framework; name = CoreGraphics.framework; path = System/Library/Frameworks/CoreGraphics.framework; sourceTree = SDKROOT; };
		6633E60D1AA414C600EDDF6B /* UIKit.framework */ = {isa = PBXFileReference; lastKnownFileType = wrapper.framework; name = UIKit.framework; path = System/Library/Frameworks/UIKit.framework; sourceTree = SDKROOT; };
		6633E6111AA414C600EDDF6B /* ScrollviewDemo-Info.plist */ = {isa = PBXFileReference; lastKnownFileType = text.plist.xml; path = "ScrollviewDemo-Info.plist"; sourceTree = "<group>"; };
		6633E6131AA414C600EDDF6B /* en */ = {isa = PBXFileReference; lastKnownFileType = text.plist.strings; name = en; path = en.lproj/InfoPlist.strings; sourceTree = "<group>"; };
		6633E6151AA414C600EDDF6B /* main.m */ = {isa = PBXFileReference; lastKnownFileType = sourcecode.c.objc; path = main.m; sourceTree = "<group>"; };
		6633E6171AA414C600EDDF6B /* ScrollviewDemo-Prefix.pch */ = {isa = PBXFileReference; lastKnownFileType = sourcecode.c.h; path = "ScrollviewDemo-Prefix.pch"; sourceTree = "<group>"; };
		6633E6181AA414C600EDDF6B /* AppDelegate.h */ = {isa = PBXFileReference; lastKnownFileType = sourcecode.c.h; path = AppDelegate.h; sourceTree = "<group>"; };
		6633E6191AA414C600EDDF6B /* AppDelegate.m */ = {isa = PBXFileReference; lastKnownFileType = sourcecode.c.objc; path = AppDelegate.m; sourceTree = "<group>"; };
		6633E61C1AA414C600EDDF6B /* Base */ = {isa = PBXFileReference; lastKnownFileType = file.storyboard; name = Base; path = Base.lproj/Main.storyboard; sourceTree = "<group>"; };
		6633E61E1AA414C600EDDF6B /* ViewController.h */ = {isa = PBXFileReference; lastKnownFileType = sourcecode.c.h; path = ViewController.h; sourceTree = "<group>"; };
		6633E61F1AA414C600EDDF6B /* ViewController.m */ = {isa = PBXFileReference; lastKnownFileType = sourcecode.c.objc; path = ViewController.m; sourceTree = "<group>"; };
		6633E6211AA414C600EDDF6B /* Images.xcassets */ = {isa = PBXFileReference; lastKnownFileType = folder.assetcatalog; path = Images.xcassets; sourceTree = "<group>"; };
		6633E6271AA414C700EDDF6B /* ScrollviewDemoTests.xctest */ = {isa = PBXFileReference; explicitFileType = wrapper.cfbundle; includeInIndex = 0; path = ScrollviewDemoTests.xctest; sourceTree = BUILT_PRODUCTS_DIR; };
		6633E6281AA414C700EDDF6B /* XCTest.framework */ = {isa = PBXFileReference; lastKnownFileType = wrapper.framework; name = XCTest.framework; path = Library/Frameworks/XCTest.framework; sourceTree = DEVELOPER_DIR; };
		6633E6301AA414C700EDDF6B /* ScrollviewDemoTests-Info.plist */ = {isa = PBXFileReference; lastKnownFileType = text.plist.xml; path = "ScrollviewDemoTests-Info.plist"; sourceTree = "<group>"; };
		6633E6321AA414C700EDDF6B /* en */ = {isa = PBXFileReference; lastKnownFileType = text.plist.strings; name = en; path = en.lproj/InfoPlist.strings; sourceTree = "<group>"; };
		6633E6341AA414C700EDDF6B /* ScrollviewDemoTests.m */ = {isa = PBXFileReference; lastKnownFileType = sourcecode.c.objc; path = ScrollviewDemoTests.m; sourceTree = "<group>"; };
		6633E63E1AA415BE00EDDF6B /* pageMgrView.h */ = {isa = PBXFileReference; fileEncoding = 4; lastKnownFileType = sourcecode.c.h; path = pageMgrView.h; sourceTree = "<group>"; };
		6633E63F1AA415BE00EDDF6B /* pageMgrView.m */ = {isa = PBXFileReference; fileEncoding = 4; lastKnownFileType = sourcecode.c.objc; path = pageMgrView.m; sourceTree = "<group>"; };
		6633E6411AA447C100EDDF6B /* TestView.h */ = {isa = PBXFileReference; fileEncoding = 4; lastKnownFileType = sourcecode.c.h; path = TestView.h; sourceTree = "<group>"; };
		6633E6421AA447C100EDDF6B /* TestView.m */ = {isa = PBXFileReference; fileEncoding = 4; lastKnownFileType = sourcecode.c.objc; path = TestView.m; sourceTree = "<group>"; };
		6633E6441AA4529B00EDDF6B /* pageMgrExtView.h */ = {isa = PBXFileReference; fileEncoding = 4; lastKnownFileType = sourcecode.c.h; path = pageMgrExtView.h; sourceTree = "<group>"; };
		6633E6451AA4529B00EDDF6B /* pageMgrExtView.m */ = {isa = PBXFileReference; fileEncoding = 4; lastKnownFileType = sourcecode.c.objc; path = pageMgrExtView.m; sourceTree = "<group>"; };
/* End PBXFileReference section */

/* Begin PBXFrameworksBuildPhase section */
		6633E6031AA414C600EDDF6B /* Frameworks */ = {
			isa = PBXFrameworksBuildPhase;
			buildActionMask = 2147483647;
			files = (
				6633E60C1AA414C600EDDF6B /* CoreGraphics.framework in Frameworks */,
				6633E60E1AA414C600EDDF6B /* UIKit.framework in Frameworks */,
				6633E60A1AA414C600EDDF6B /* Foundation.framework in Frameworks */,
			);
			runOnlyForDeploymentPostprocessing = 0;
		};
		6633E6241AA414C700EDDF6B /* Frameworks */ = {
			isa = PBXFrameworksBuildPhase;
			buildActionMask = 2147483647;
			files = (
				6633E6291AA414C700EDDF6B /* XCTest.framework in Frameworks */,
				6633E62B1AA414C700EDDF6B /* UIKit.framework in Frameworks */,
				6633E62A1AA414C700EDDF6B /* Foundation.framework in Frameworks */,
			);
			runOnlyForDeploymentPostprocessing = 0;
		};
/* End PBXFrameworksBuildPhase section */

/* Begin PBXGroup section */
		6633E5FD1AA414C600EDDF6B = {
			isa = PBXGroup;
			children = (
				6633E60F1AA414C600EDDF6B /* ScrollviewDemo */,
				6633E62E1AA414C700EDDF6B /* ScrollviewDemoTests */,
				6633E6081AA414C600EDDF6B /* Frameworks */,
				6633E6071AA414C600EDDF6B /* Products */,
			);
			sourceTree = "<group>";
		};
		6633E6071AA414C600EDDF6B /* Products */ = {
			isa = PBXGroup;
			children = (
				6633E6061AA414C600EDDF6B /* ScrollviewDemo.app */,
				6633E6271AA414C700EDDF6B /* ScrollviewDemoTests.xctest */,
			);
			name = Products;
			sourceTree = "<group>";
		};
		6633E6081AA414C600EDDF6B /* Frameworks */ = {
			isa = PBXGroup;
			children = (
				6633E6091AA414C600EDDF6B /* Foundation.framework */,
				6633E60B1AA414C600EDDF6B /* CoreGraphics.framework */,
				6633E60D1AA414C600EDDF6B /* UIKit.framework */,
				6633E6281AA414C700EDDF6B /* XCTest.framework */,
			);
			name = Frameworks;
			sourceTree = "<group>";
		};
		6633E60F1AA414C600EDDF6B /* ScrollviewDemo */ = {
			isa = PBXGroup;
			children = (
				6633E6181AA414C600EDDF6B /* AppDelegate.h */,
				6633E6191AA414C600EDDF6B /* AppDelegate.m */,
				6633E61B1AA414C600EDDF6B /* Main.storyboard */,
				6633E61E1AA414C600EDDF6B /* ViewController.h */,
				6633E61F1AA414C600EDDF6B /* ViewController.m */,
				6633E63E1AA415BE00EDDF6B /* pageMgrView.h */,
				6633E63F1AA415BE00EDDF6B /* pageMgrView.m */,
				6633E6441AA4529B00EDDF6B /* pageMgrExtView.h */,
				6633E6451AA4529B00EDDF6B /* pageMgrExtView.m */,
				6633E6411AA447C100EDDF6B /* TestView.h */,
				6633E6421AA447C100EDDF6B /* TestView.m */,
				6633E6211AA414C600EDDF6B /* Images.xcassets */,
				6633E6101AA414C600EDDF6B /* Supporting Files */,
			);
			path = ScrollviewDemo;
			sourceTree = "<group>";
		};
		6633E6101AA414C600EDDF6B /* Supporting Files */ = {
			isa = PBXGroup;
			children = (
				6633E6111AA414C600EDDF6B /* ScrollviewDemo-Info.plist */,
				6633E6121AA414C600EDDF6B /* InfoPlist.strings */,
				6633E6151AA414C600EDDF6B /* main.m */,
				6633E6171AA414C600EDDF6B /* ScrollviewDemo-Prefix.pch */,
			);
			name = "Supporting Files";
			sourceTree = "<group>";
		};
		6633E62E1AA414C700EDDF6B /* ScrollviewDemoTests */ = {
			isa = PBXGroup;
			children = (
				6633E6341AA414C700EDDF6B /* ScrollviewDemoTests.m */,
				6633E62F1AA414C700EDDF6B /* Supporting Files */,
			);
			path = ScrollviewDemoTests;
			sourceTree = "<group>";
		};
		6633E62F1AA414C700EDDF6B /* Supporting Files */ = {
			isa = PBXGroup;
			children = (
				6633E6301AA414C700EDDF6B /* ScrollviewDemoTests-Info.plist */,
				6633E6311AA414C700EDDF6B /* InfoPlist.strings */,
			);
			name = "Supporting Files";
			sourceTree = "<group>";
		};
/* End PBXGroup section */

/* Begin PBXNativeTarget section */
		6633E6051AA414C600EDDF6B /* ScrollviewDemo */ = {
			isa = PBXNativeTarget;
			buildConfigurationList = 6633E6381AA414C700EDDF6B /* Build configuration list for PBXNativeTarget "ScrollviewDemo" */;
			buildPhases = (
				6633E6021AA414C600EDDF6B /* Sources */,
				6633E6031AA414C600EDDF6B /* Frameworks */,
				6633E6041AA414C600EDDF6B /* Resources */,
			);
			buildRules = (
			);
			dependencies = (
			);
			name = ScrollviewDemo;
			productName = ScrollviewDemo;
			productReference = 6633E6061AA414C600EDDF6B /* ScrollviewDemo.app */;
			productType = "com.apple.product-type.application";
		};
		6633E6261AA414C700EDDF6B /* ScrollviewDemoTests */ = {
			isa = PBXNativeTarget;
			buildConfigurationList = 6633E63B1AA414C700EDDF6B /* Build configuration list for PBXNativeTarget "ScrollviewDemoTests" */;
			buildPhases = (
				6633E6231AA414C700EDDF6B /* Sources */,
				6633E6241AA414C700EDDF6B /* Frameworks */,
				6633E6251AA414C700EDDF6B /* Resources */,
			);
			buildRules = (
			);
			dependencies = (
				6633E62D1AA414C700EDDF6B /* PBXTargetDependency */,
			);
			name = ScrollviewDemoTests;
			productName = ScrollviewDemoTests;
			productReference = 6633E6271AA414C700EDDF6B /* ScrollviewDemoTests.xctest */;
			productType = "com.apple.product-type.bundle.unit-test";
		};
/* End PBXNativeTarget section */

/* Begin PBXProject section */
		6633E5FE1AA414C600EDDF6B /* Project object */ = {
			isa = PBXProject;
			attributes = {
				LastUpgradeCheck = 0500;
				ORGANIZATIONNAME = cndatacom;
				TargetAttributes = {
					6633E6261AA414C700EDDF6B = {
						TestTargetID = 6633E6051AA414C600EDDF6B;
					};
				};
			};
			buildConfigurationList = 6633E6011AA414C600EDDF6B /* Build configuration list for PBXProject "ScrollviewDemo" */;
			compatibilityVersion = "Xcode 3.2";
			developmentRegion = English;
			hasScannedForEncodings = 0;
			knownRegions = (
				en,
				Base,
			);
			mainGroup = 6633E5FD1AA414C600EDDF6B;
			productRefGroup = 6633E6071AA414C600EDDF6B /* Products */;
			projectDirPath = "";
			projectRoot = "";
			targets = (
				6633E6051AA414C600EDDF6B /* ScrollviewDemo */,
				6633E6261AA414C700EDDF6B /* ScrollviewDemoTests */,
			);
		};
/* End PBXProject section */

/* Begin PBXResourcesBuildPhase section */
		6633E6041AA414C600EDDF6B /* Resources */ = {
			isa = PBXResourcesBuildPhase;
			buildActionMask = 2147483647;
			files = (
				6633E6221AA414C600EDDF6B /* Images.xcassets in Resources */,
				6633E6141AA414C600EDDF6B /* InfoPlist.strings in Resources */,
				6633E61D1AA414C600EDDF6B /* Main.storyboard in Resources */,
			);
			runOnlyForDeploymentPostprocessing = 0;
		};
		6633E6251AA414C700EDDF6B /* Resources */ = {
			isa = PBXResourcesBuildPhase;
			buildActionMask = 2147483647;
			files = (
				6633E6331AA414C700EDDF6B /* InfoPlist.strings in Resources */,
			);
			runOnlyForDeploymentPostprocessing = 0;
		};
/* End PBXResourcesBuildPhase section */

/* Begin PBXSourcesBuildPhase section */
		6633E6021AA414C600EDDF6B /* Sources */ = {
			isa = PBXSourcesBuildPhase;
			buildActionMask = 2147483647;
			files = (
				6633E6461AA4529B00EDDF6B /* pageMgrExtView.m in Sources */,
				6633E6201AA414C600EDDF6B /* ViewController.m in Sources */,
				6633E61A1AA414C600EDDF6B /* AppDelegate.m in Sources */,
				6633E6431AA447C100EDDF6B /* TestView.m in Sources */,
				6633E6401AA415BE00EDDF6B /* pageMgrView.m in Sources */,
				6633E6161AA414C600EDDF6B /* main.m in Sources */,
			);
			runOnlyForDeploymentPostprocessing = 0;
		};
		6633E6231AA414C700EDDF6B /* Sources */ = {
			isa = PBXSourcesBuildPhase;
			buildActionMask = 2147483647;
			files = (
				6633E6351AA414C700EDDF6B /* ScrollviewDemoTests.m in Sources */,
			);
			runOnlyForDeploymentPostprocessing = 0;
		};
/* End PBXSourcesBuildPhase section */

/* Begin PBXTargetDependency section */
		6633E62D1AA414C700EDDF6B /* PBXTargetDependency */ = {
			isa = PBXTargetDependency;
			target = 6633E6051AA414C600EDDF6B /* ScrollviewDemo */;
			targetProxy = 6633E62C1AA414C700EDDF6B /* PBXContainerItemProxy */;
		};
/* End PBXTargetDependency section */

/* Begin PBXVariantGroup section */
		6633E6121AA414C600EDDF6B /* InfoPlist.strings */ = {
			isa = PBXVariantGroup;
			children = (
				6633E6131AA414C600EDDF6B /* en */,
			);
			name = InfoPlist.strings;
			sourceTree = "<group>";
		};
		6633E61B1AA414C600EDDF6B /* Main.storyboard */ = {
			isa = PBXVariantGroup;
			children = (
				6633E61C1AA414C600EDDF6B /* Base */,
			);
			name = Main.storyboard;
			sourceTree = "<group>";
		};
		6633E6311AA414C700EDDF6B /* InfoPlist.strings */ = {
			isa = PBXVariantGroup;
			children = (
				6633E6321AA414C700EDDF6B /* en */,
			);
			name = InfoPlist.strings;
			sourceTree = "<group>";
		};
/* End PBXVariantGroup section */

/* Begin XCBuildConfiguration section */
		6633E6361AA414C700EDDF6B /* Debug */ = {
			isa = XCBuildConfiguration;
			buildSettings = {
				ALWAYS_SEARCH_USER_PATHS = NO;
				ARCHS = "$(ARCHS_STANDARD_INCLUDING_64_BIT)";
				CLANG_CXX_LANGUAGE_STANDARD = "gnu++0x";
				CLANG_CXX_LIBRARY = "libc++";
				CLANG_ENABLE_MODULES = YES;
				CLANG_ENABLE_OBJC_ARC = YES;
				CLANG_WARN_BOOL_CONVERSION = YES;
				CLANG_WARN_CONSTANT_CONVERSION = YES;
				CLANG_WARN_DIRECT_OBJC_ISA_USAGE = YES_ERROR;
				CLANG_WARN_EMPTY_BODY = YES;
				CLANG_WARN_ENUM_CONVERSION = YES;
				CLANG_WARN_INT_CONVERSION = YES;
				CLANG_WARN_OBJC_ROOT_CLASS = YES_ERROR;
				CLANG_WARN__DUPLICATE_METHOD_MATCH = YES;
				"CODE_SIGN_IDENTITY[sdk=iphoneos*]" = "iPhone Developer";
				COPY_PHASE_STRIP = NO;
				GCC_C_LANGUAGE_STANDARD = gnu99;
				GCC_DYNAMIC_NO_PIC = NO;
				GCC_OPTIMIZATION_LEVEL = 0;
				GCC_PREPROCESSOR_DEFINITIONS = (
					"DEBUG=1",
					"$(inherited)",
				);
				GCC_SYMBOLS_PRIVATE_EXTERN = NO;
				GCC_WARN_64_TO_32_BIT_CONVERSION = YES;
				GCC_WARN_ABOUT_RETURN_TYPE = YES_ERROR;
				GCC_WARN_UNDECLARED_SELECTOR = YES;
				GCC_WARN_UNINITIALIZED_AUTOS = YES;
				GCC_WARN_UNUSED_FUNCTION = YES;
				GCC_WARN_UNUSED_VARIABLE = YES;
				IPHONEOS_DEPLOYMENT_TARGET = 7.0;
				ONLY_ACTIVE_ARCH = YES;
				SDKROOT = iphoneos;
			};
			name = Debug;
		};
		6633E6371AA414C700EDDF6B /* Release */ = {
			isa = XCBuildConfiguration;
			buildSettings = {
				ALWAYS_SEARCH_USER_PATHS = NO;
				ARCHS = "$(ARCHS_STANDARD_INCLUDING_64_BIT)";
				CLANG_CXX_LANGUAGE_STANDARD = "gnu++0x";
				CLANG_CXX_LIBRARY = "libc++";
				CLANG_ENABLE_MODULES = YES;
				CLANG_ENABLE_OBJC_ARC = YES;
				CLANG_WARN_BOOL_CONVERSION = YES;
				CLANG_WARN_CONSTANT_CONVERSION = YES;
				CLANG_WARN_DIRECT_OBJC_ISA_USAGE = YES_ERROR;
				CLANG_WARN_EMPTY_BODY = YES;
				CLANG_WARN_ENUM_CONVERSION = YES;
				CLANG_WARN_INT_CONVERSION = YES;
				CLANG_WARN_OBJC_ROOT_CLASS = YES_ERROR;
				CLANG_WARN__DUPLICATE_METHOD_MATCH = YES;
				"CODE_SIGN_IDENTITY[sdk=iphoneos*]" = "iPhone Developer";
				COPY_PHASE_STRIP = YES;
				ENABLE_NS_ASSERTIONS = NO;
				GCC_C_LANGUAGE_STANDARD = gnu99;
				GCC_WARN_64_TO_32_BIT_CONVERSION = YES;
				GCC_WARN_ABOUT_RETURN_TYPE = YES_ERROR;
				GCC_WARN_UNDECLARED_SELECTOR = YES;
				GCC_WARN_UNINITIALIZED_AUTOS = YES;
				GCC_WARN_UNUSED_FUNCTION = YES;
				GCC_WARN_UNUSED_VARIABLE = YES;
				IPHONEOS_DEPLOYMENT_TARGET = 7.0;
				SDKROOT = iphoneos;
				VALIDATE_PRODUCT = YES;
			};
			name = Release;
		};
		6633E6391AA414C700EDDF6B /* Debug */ = {
			isa = XCBuildConfiguration;
			buildSettings = {
				ASSETCATALOG_COMPILER_APPICON_NAME = AppIcon;
				ASSETCATALOG_COMPILER_LAUNCHIMAGE_NAME = LaunchImage;
				"CODE_SIGN_IDENTITY[sdk=iphoneos*]" = "iPhone Developer: Yingge Li (Y62CMB592F)";
				GCC_PRECOMPILE_PREFIX_HEADER = YES;
				GCC_PREFIX_HEADER = "ScrollviewDemo/ScrollviewDemo-Prefix.pch";
				INFOPLIST_FILE = "ScrollviewDemo/ScrollviewDemo-Info.plist";
				PRODUCT_NAME = "$(TARGET_NAME)";
				PROVISIONING_PROFILE = "871d43a8-fb6c-45ef-b27c-1bbd55b3fb85";
				WRAPPER_EXTENSION = app;
			};
			name = Debug;
		};
		6633E63A1AA414C700EDDF6B /* Release */ = {
			isa = XCBuildConfiguration;
			buildSettings = {
				ASSETCATALOG_COMPILER_APPICON_NAME = AppIcon;
				ASSETCATALOG_COMPILER_LAUNCHIMAGE_NAME = LaunchImage;
				GCC_PRECOMPILE_PREFIX_HEADER = YES;
				GCC_PREFIX_HEADER = "ScrollviewDemo/ScrollviewDemo-Prefix.pch";
				INFOPLIST_FILE = "ScrollviewDemo/ScrollviewDemo-Info.plist";
				PRODUCT_NAME = "$(TARGET_NAME)";
				WRAPPER_EXTENSION = app;
			};
			name = Release;
		};
		6633E63C1AA414C700EDDF6B /* Debug */ = {
			isa = XCBuildConfiguration;
			buildSettings = {
				ARCHS = "$(ARCHS_STANDARD_INCLUDING_64_BIT)";
				BUNDLE_LOADER = "$(BUILT_PRODUCTS_DIR)/ScrollviewDemo.app/ScrollviewDemo";
				FRAMEWORK_SEARCH_PATHS = (
					"$(SDKROOT)/Developer/Library/Frameworks",
					"$(inherited)",
					"$(DEVELOPER_FRAMEWORKS_DIR)",
				);
				GCC_PRECOMPILE_PREFIX_HEADER = YES;
				GCC_PREFIX_HEADER = "ScrollviewDemo/ScrollviewDemo-Prefix.pch";
				GCC_PREPROCESSOR_DEFINITIONS = (
					"DEBUG=1",
					"$(inherited)",
				);
				INFOPLIST_FILE = "ScrollviewDemoTests/ScrollviewDemoTests-Info.plist";
				PRODUCT_NAME = "$(TARGET_NAME)";
				TEST_HOST = "$(BUNDLE_LOADER)";
				WRAPPER_EXTENSION = xctest;
			};
			name = Debug;
		};
		6633E63D1AA414C700EDDF6B /* Release */ = {
			isa = XCBuildConfiguration;
			buildSettings = {
				ARCHS = "$(ARCHS_STANDARD_INCLUDING_64_BIT)";
				BUNDLE_LOADER = "$(BUILT_PRODUCTS_DIR)/ScrollviewDemo.app/ScrollviewDemo";
				FRAMEWORK_SEARCH_PATHS = (
					"$(SDKROOT)/Developer/Library/Frameworks",
					"$(inherited)",
					"$(DEVELOPER_FRAMEWORKS_DIR)",
				);
				GCC_PRECOMPILE_PREFIX_HEADER = YES;
				GCC_PREFIX_HEADER = "ScrollviewDemo/ScrollviewDemo-Prefix.pch";
				INFOPLIST_FILE = "ScrollviewDemoTests/ScrollviewDemoTests-Info.plist";
				PRODUCT_NAME = "$(TARGET_NAME)";
				TEST_HOST = "$(BUNDLE_LOADER)";
				WRAPPER_EXTENSION = xctest;
			};
			name = Release;
		};
/* End XCBuildConfiguration section */

/* Begin XCConfigurationList section */
		6633E6011AA414C600EDDF6B /* Build configuration list for PBXProject "ScrollviewDemo" */ = {
			isa = XCConfigurationList;
			buildConfigurations = (
				6633E6361AA414C700EDDF6B /* Debug */,
				6633E6371AA414C700EDDF6B /* Release */,
			);
			defaultConfigurationIsVisible = 0;
			defaultConfigurationName = Release;
		};
		6633E6381AA414C700EDDF6B /* Build configuration list for PBXNativeTarget "ScrollviewDemo" */ = {
			isa = XCConfigurationList;
			buildConfigurations = (
				6633E6391AA414C700EDDF6B /* Debug */,
				6633E63A1AA414C700EDDF6B /* Release */,
			);
			defaultConfigurationIsVisible = 0;
		};
		6633E63B1AA414C700EDDF6B /* Build configuration list for PBXNativeTarget "ScrollviewDemoTests" */ = {
			isa = XCConfigurationList;
			buildConfigurations = (
				6633E63C1AA414C700EDDF6B /* Debug */,
				6633E63D1AA414C700EDDF6B /* Release */,
			);
			defaultConfigurationIsVisible = 0;
		};
/* End XCConfigurationList section */
	};
	rootObject = 6633E5FE1AA414C600EDDF6B /* Project object */;
}
